
Microsoft Visual Studio Solution File, Format Version 12.00
# Visual Studio Version 17
VisualStudioVersion = 17.0.32112.339
MinimumVisualStudioVersion = 10.0.40219.1
Project("{FAE04EC0-301F-11D3-BF4B-00C04F79EFBC}") = "Ejercicio3", "Ejercicio3\Ejercicio3.csproj", "{C993F108-9010-4580-A683-4971FB3B4794}"
EndProject
Project("{FAE04EC0-301F-11D3-BF4B-00C04F79EFBC}") = "Ejercicio2", "Ejercicio2\Ejercicio2.csproj", "{7DCA91D4-0A7F-4462-8D0E-C7CBCC85A9C8}"
EndProject
Global
	GlobalSection(SolutionConfigurationPlatforms) = preSolution
		Debug|Any CPU = Debug|Any CPU
		Release|Any CPU = Release|Any CPU
	EndGlobalSection
	GlobalSection(ProjectConfigurationPlatforms) = postSolution
		{C993F108-9010-4580-A683-4971FB3B4794}.Debug|Any CPU.ActiveCfg = Debug|Any CPU
		{C993F108-9010-4580-A683-4971FB3B4794}.Debug|Any CPU.Build.0 = Debug|Any CPU
		{C993F108-9010-4580-A683-4971FB3B4794}.Release|Any CPU.ActiveCfg = Release|Any CPU
		{C993F108-9010-4580-A683-4971FB3B4794}.Release|Any CPU.Build.0 = Release|Any CPU
		{7DCA91D4-0A7F-4462-8D0E-C7CBCC85A9C8}.Debug|Any CPU.ActiveCfg = Debug|Any CPU
		{7DCA91D4-0A7F-4462-8D0E-C7CBCC85A9C8}.Debug|Any CPU.Build.0 = Debug|Any CPU
		{7DCA91D4-0A7F-4462-8D0E-C7CBCC85A9C8}.Release|Any CPU.ActiveCfg = Release|Any CPU
		{7DCA91D4-0A7F-4462-8D0E-C7CBCC85A9C8}.Release|Any CPU.Build.0 = Release|Any CPU
	EndGlobalSection
	GlobalSection(SolutionProperties) = preSolution
		HideSolutionNode = FALSE
	EndGlobalSection
	GlobalSection(ExtensibilityGlobals) = postSolution
		SolutionGuid = {19AB81AB-7A0C-4C3C-AE61-CD0517BA9DFC}
	EndGlobalSection
EndGlobal
